
Microsoft Visual Studio Solution File, Format Version 12.00
# Visual Studio 14
VisualStudioVersion = 14.0.24720.0
MinimumVisualStudioVersion = 10.0.40219.1
Project("{FAE04EC0-301F-11D3-BF4B-00C04F79EFBC}") = "DevHub.API", "DevHub.API\DevHub.API.csproj", "{73E32E13-340B-4309-9C0F-64E92E1A9D37}"
EndProject
Global
	GlobalSection(SolutionConfigurationPlatforms) = preSolution
		Debug|Any CPU = Debug|Any CPU
		Release|Any CPU = Release|Any CPU
	EndGlobalSection
	GlobalSection(ProjectConfigurationPlatforms) = postSolution
		{73E32E13-340B-4309-9C0F-64E92E1A9D37}.Debug|Any CPU.ActiveCfg = Debug|Any CPU
		{73E32E13-340B-4309-9C0F-64E92E1A9D37}.Debug|Any CPU.Build.0 = Debug|Any CPU
		{73E32E13-340B-4309-9C0F-64E92E1A9D37}.Release|Any CPU.ActiveCfg = Release|Any CPU
		{73E32E13-340B-4309-9C0F-64E92E1A9D37}.Release|Any CPU.Build.0 = Release|Any CPU
	EndGlobalSection
	GlobalSection(SolutionProperties) = preSolution
		HideSolutionNode = FALSE
	EndGlobalSection
EndGlobal
